// !$*UTF8*$!
{
	archiveVersion = 1;
	classes = {
	};
	objectVersion = 77;
	objects = {

/* Begin PBXBuildFile section */
		11AECCD16F5C0A98215D7404 /* AgentBarApp.swift in Sources */ = {isa = PBXBuildFile; fileRef = 2B97C58A669DB6ABA171CEB0 /* AgentBarApp.swift */; };
		5D8D25E88840E19270DEC096 /* SessionStore.swift in Sources */ = {isa = PBXBuildFile; fileRef = 77DF56A57A96571BDFA76181 /* SessionStore.swift */; };
		A8C519877FACB6CD2FE5894A /* LiveView.swift in Sources */ = {isa = PBXBuildFile; fileRef = 52205F239B113F186EC384B7 /* LiveView.swift */; };
		AB2D704957F73F13256FECAA /* AgentKit in Frameworks */ = {isa = PBXBuildFile; productRef = BB4DDD2A93C84CF6E0626C5A /* AgentKit */; };
		B3852F251393CD405C85610B /* SessionRow.swift in Sources */ = {isa = PBXBuildFile; fileRef = 0469950F51798C0F9C740EFD /* SessionRow.swift */; };
		C6F306CEA6585F1CBF35B4D0 /* AuditView.swift in Sources */ = {isa = PBXBuildFile; fileRef = A347617071A4EDA33014833C /* AuditView.swift */; };
		D9A0482768C319701BB623DC /* NotificationManager.swift in Sources */ = {isa = PBXBuildFile; fileRef = 0CB42A83424D29E3582645FE /* NotificationManager.swift */; };
		DB31F7B5621DA0181E0C5087 /* SessionsView.swift in Sources */ = {isa = PBXBuildFile; fileRef = B1D5BCBB54C6C1758CC40F40 /* SessionsView.swift */; };
		E7581B86665A6CD4158A00C1 /* MainWindow.swift in Sources */ = {isa = PBXBuildFile; fileRef = 2020AB19A0D88DCA3D2D4436 /* MainWindow.swift */; };
/* End PBXBuildFile section */

/* Begin PBXFileReference section */
		0469950F51798C0F9C740EFD /* SessionRow.swift */ = {isa = PBXFileReference; lastKnownFileType = sourcecode.swift; path = SessionRow.swift; sourceTree = "<group>"; };
		0CB42A83424D29E3582645FE /* NotificationManager.swift */ = {isa = PBXFileReference; lastKnownFileType = sourcecode.swift; path = NotificationManager.swift; sourceTree = "<group>"; };
		2020AB19A0D88DCA3D2D4436 /* MainWindow.swift */ = {isa = PBXFileReference; lastKnownFileType = sourcecode.swift; path = MainWindow.swift; sourceTree = "<group>"; };
		2B97C58A669DB6ABA171CEB0 /* AgentBarApp.swift */ = {isa = PBXFileReference; lastKnownFileType = sourcecode.swift; path = AgentBarApp.swift; sourceTree = "<group>"; };
		52205F239B113F186EC384B7 /* LiveView.swift */ = {isa = PBXFileReference; lastKnownFileType = sourcecode.swift; path = LiveView.swift; sourceTree = "<group>"; };
		77DF56A57A96571BDFA76181 /* SessionStore.swift */ = {isa = PBXFileReference; lastKnownFileType = sourcecode.swift; path = SessionStore.swift; sourceTree = "<group>"; };
		8C697943A1B786CCC3DD560F /* AgentBar.app */ = {isa = PBXFileReference; explicitFileType = wrapper.application; includeInIndex = 0; path = AgentBar.app; sourceTree = BUILT_PRODUCTS_DIR; };
		98E92548804DF2EE37E66D55 /* AgentBar */ = {isa = PBXFileReference; lastKnownFileType = folder; name = AgentBar; path = ..; sourceTree = SOURCE_ROOT; };
		A347617071A4EDA33014833C /* AuditView.swift */ = {isa = PBXFileReference; lastKnownFileType = sourcecode.swift; path = AuditView.swift; sourceTree = "<group>"; };
		B1D5BCBB54C6C1758CC40F40 /* SessionsView.swift */ = {isa = PBXFileReference; lastKnownFileType = sourcecode.swift; path = SessionsView.swift; sourceTree = "<group>"; };
/* End PBXFileReference section */

/* Begin PBXFrameworksBuildPhase section */
		738BBDBE43F3D1937A5C45F2 /* Frameworks */ = {
			isa = PBXFrameworksBuildPhase;
			buildActionMask = 2147483647;
			files = (
				AB2D704957F73F13256FECAA /* AgentKit in Frameworks */,
			);
			runOnlyForDeploymentPostprocessing = 0;
		};
/* End PBXFrameworksBuildPhase section */

/* Begin PBXGroup section */
		587F3A815EB2DE1FC6C1E1BE /* Products */ = {
			isa = PBXGroup;
			children = (
				8C697943A1B786CCC3DD560F /* AgentBar.app */,
			);
			name = Products;
			sourceTree = "<group>";
		};
		AE6E523C41A821CAAE099A38 = {
			isa = PBXGroup;
			children = (
				BABDD18853B74FF45506C65A /* Packages */,
				B0E070AEEACD592616480D72 /* Sources */,
				587F3A815EB2DE1FC6C1E1BE /* Products */,
			);
			sourceTree = "<group>";
		};
		B0E070AEEACD592616480D72 /* Sources */ = {
			isa = PBXGroup;
			children = (
				2B97C58A669DB6ABA171CEB0 /* AgentBarApp.swift */,
				A347617071A4EDA33014833C /* AuditView.swift */,
				52205F239B113F186EC384B7 /* LiveView.swift */,
				2020AB19A0D88DCA3D2D4436 /* MainWindow.swift */,
				0CB42A83424D29E3582645FE /* NotificationManager.swift */,
				0469950F51798C0F9C740EFD /* SessionRow.swift */,
				77DF56A57A96571BDFA76181 /* SessionStore.swift */,
				B1D5BCBB54C6C1758CC40F40 /* SessionsView.swift */,
			);
			path = Sources;
			sourceTree = "<group>";
		};
		BABDD18853B74FF45506C65A /* Packages */ = {
			isa = PBXGroup;
			children = (
				98E92548804DF2EE37E66D55 /* AgentBar */,
			);
			name = Packages;
			sourceTree = "<group>";
		};
/* End PBXGroup section */

/* Begin PBXNativeTarget section */
		861C036227DB4C8AD947478D /* AgentBar */ = {
			isa = PBXNativeTarget;
			buildConfigurationList = 9692FF39CC89F4D364F9F216 /* Build configuration list for PBXNativeTarget "AgentBar" */;
			buildPhases = (
				450ECC00D4FA325F92A901F3 /* Sources */,
				738BBDBE43F3D1937A5C45F2 /* Frameworks */,
			);
			buildRules = (
			);
			dependencies = (
			);
			name = AgentBar;
			packageProductDependencies = (
				BB4DDD2A93C84CF6E0626C5A /* AgentKit */,
			);
			productName = AgentBar;
			productReference = 8C697943A1B786CCC3DD560F /* AgentBar.app */;
			productType = "com.apple.product-type.application";
		};
/* End PBXNativeTarget section */

/* Begin PBXProject section */
		7DEF5EC07622C6C227596D89 /* Project object */ = {
			isa = PBXProject;
			attributes = {
				BuildIndependentTargetsInParallel = YES;
				LastUpgradeCheck = 1430;
				TargetAttributes = {
				};
			};
			buildConfigurationList = 18EBD4918261E6CD97072B71 /* Build configuration list for PBXProject "AgentBar" */;
			developmentRegion = en;
			hasScannedForEncodings = 0;
			knownRegions = (
				Base,
				en,
			);
			mainGroup = AE6E523C41A821CAAE099A38;
			minimizedProjectReferenceProxies = 1;
			packageReferences = (
				D23A99DFAE13D52BA82EB122 /* XCLocalSwiftPackageReference ".." */,
			);
			preferredProjectObjectVersion = 77;
			productRefGroup = 587F3A815EB2DE1FC6C1E1BE /* Products */;
			projectDirPath = "";
			projectRoot = "";
			targets = (
				861C036227DB4C8AD947478D /* AgentBar */,
			);
		};
/* End PBXProject section */

/* Begin PBXSourcesBuildPhase section */
		450ECC00D4FA325F92A901F3 /* Sources */ = {
			isa = PBXSourcesBuildPhase;
			buildActionMask = 2147483647;
			files = (
				11AECCD16F5C0A98215D7404 /* AgentBarApp.swift in Sources */,
				C6F306CEA6585F1CBF35B4D0 /* AuditView.swift in Sources */,
				A8C519877FACB6CD2FE5894A /* LiveView.swift in Sources */,
				E7581B86665A6CD4158A00C1 /* MainWindow.swift in Sources */,
				D9A0482768C319701BB623DC /* NotificationManager.swift in Sources */,
				B3852F251393CD405C85610B /* SessionRow.swift in Sources */,
				5D8D25E88840E19270DEC096 /* SessionStore.swift in Sources */,
				DB31F7B5621DA0181E0C5087 /* SessionsView.swift in Sources */,
			);
			runOnlyForDeploymentPostprocessing = 0;
		};
/* End PBXSourcesBuildPhase section */

/* Begin XCBuildConfiguration section */
		16A9F4FBA5E23C4AFD5956F4 /* Release */ = {
			isa = XCBuildConfiguration;
			buildSettings = {
				ALWAYS_SEARCH_USER_PATHS = NO;
				CLANG_ANALYZER_NONNULL = YES;
				CLANG_ANALYZER_NUMBER_OBJECT_CONVERSION = YES_AGGRESSIVE;
				CLANG_CXX_LANGUAGE_STANDARD = "gnu++14";
				CLANG_CXX_LIBRARY = "libc++";
				CLANG_ENABLE_MODULES = YES;
				CLANG_ENABLE_OBJC_ARC = YES;
				CLANG_ENABLE_OBJC_WEAK = YES;
				CLANG_WARN_BLOCK_CAPTURE_AUTORELEASING = YES;
				CLANG_WARN_BOOL_CONVERSION = YES;
				CLANG_WARN_COMMA = YES;
				CLANG_WARN_CONSTANT_CONVERSION = YES;
				CLANG_WARN_DEPRECATED_OBJC_IMPLEMENTATIONS = YES;
				CLANG_WARN_DIRECT_OBJC_ISA_USAGE = YES_ERROR;
				CLANG_WARN_DOCUMENTATION_COMMENTS = YES;
				CLANG_WARN_EMPTY_BODY = YES;
				CLANG_WARN_ENUM_CONVERSION = YES;
				CLANG_WARN_INFINITE_RECURSION = YES;
				CLANG_WARN_INT_CONVERSION = YES;
				CLANG_WARN_NON_LITERAL_NULL_CONVERSION = YES;
				CLANG_WARN_OBJC_IMPLICIT_RETAIN_SELF = YES;
				CLANG_WARN_OBJC_LITERAL_CONVERSION = YES;
				CLANG_WARN_OBJC_ROOT_CLASS = YES_ERROR;
				CLANG_WARN_QUOTED_INCLUDE_IN_FRAMEWORK_HEADER = YES;
				CLANG_WARN_RANGE_LOOP_ANALYSIS = YES;
				CLANG_WARN_STRICT_PROTOTYPES = YES;
				CLANG_WARN_SUSPICIOUS_MOVE = YES;
				CLANG_WARN_UNGUARDED_AVAILABILITY = YES_AGGRESSIVE;
				CLANG_WARN_UNREACHABLE_CODE = YES;
				CLANG_WARN__DUPLICATE_METHOD_MATCH = YES;
				COPY_PHASE_STRIP = NO;
				DEBUG_INFORMATION_FORMAT = "dwarf-with-dsym";
				ENABLE_NS_ASSERTIONS = NO;
				ENABLE_STRICT_OBJC_MSGSEND = YES;
				GCC_C_LANGUAGE_STANDARD = gnu11;
				GCC_NO_COMMON_BLOCKS = YES;
				GCC_WARN_64_TO_32_BIT_CONVERSION = YES;
				GCC_WARN_ABOUT_RETURN_TYPE = YES_ERROR;
				GCC_WARN_UNDECLARED_SELECTOR = YES;
				GCC_WARN_UNINITIALIZED_AUTOS = YES_AGGRESSIVE;
				GCC_WARN_UNUSED_FUNCTION = YES;
				GCC_WARN_UNUSED_VARIABLE = YES;
				MACOSX_DEPLOYMENT_TARGET = 14.0;
				MTL_ENABLE_DEBUG_INFO = NO;
				MTL_FAST_MATH = YES;
				PRODUCT_NAME = "$(TARGET_NAME)";
				SDKROOT = macosx;
				SWIFT_COMPILATION_MODE = wholemodule;
				SWIFT_OPTIMIZATION_LEVEL = "-O";
				SWIFT_VERSION = 5.0;
			};
			name = Release;
		};
		2A1497FDF44086920993F488 /* Debug */ = {
			isa = XCBuildConfiguration;
			buildSettings = {
				ASSETCATALOG_COMPILER_APPICON_NAME = AppIcon;
				COMBINE_HIDPI_IMAGES = YES;
				CURRENT_PROJECT_VERSION = 1;
				ENABLE_APP_SANDBOX = NO;
				GENERATE_INFOPLIST_FILE = YES;
				INFOPLIST_KEY_LSUIElement = YES;
				INFOPLIST_KEY_NSHumanReadableCopyright = "© 2026 ISO NORD CA — MIT";
				LD_RUNPATH_SEARCH_PATHS = (
					"$(inherited)",
					"@executable_path/../Frameworks",
				);
				MARKETING_VERSION = 0.1.0;
				PRODUCT_BUNDLE_IDENTIFIER = com.theodorebeaupre.agentbar;
				SDKROOT = macosx;
			};
			name = Debug;
		};
		76D5726975908D80B73656F8 /* Release */ = {
			isa = XCBuildConfiguration;
			buildSettings = {
				ASSETCATALOG_COMPILER_APPICON_NAME = AppIcon;
				COMBINE_HIDPI_IMAGES = YES;
				CURRENT_PROJECT_VERSION = 1;
				ENABLE_APP_SANDBOX = NO;
				GENERATE_INFOPLIST_FILE = YES;
				INFOPLIST_KEY_LSUIElement = YES;
				INFOPLIST_KEY_NSHumanReadableCopyright = "© 2026 ISO NORD CA — MIT";
				LD_RUNPATH_SEARCH_PATHS = (
					"$(inherited)",
					"@executable_path/../Frameworks",
				);
				MARKETING_VERSION = 0.1.0;
				PRODUCT_BUNDLE_IDENTIFIER = com.theodorebeaupre.agentbar;
				SDKROOT = macosx;
			};
			name = Release;
		};
		8E00CC52364B574DAA8A82CB /* Debug */ = {
			isa = XCBuildConfiguration;
			buildSettings = {
				ALWAYS_SEARCH_USER_PATHS = NO;
				CLANG_ANALYZER_NONNULL = YES;
				CLANG_ANALYZER_NUMBER_OBJECT_CONVERSION = YES_AGGRESSIVE;
				CLANG_CXX_LANGUAGE_STANDARD = "gnu++14";
				CLANG_CXX_LIBRARY = "libc++";
				CLANG_ENABLE_MODULES = YES;
				CLANG_ENABLE_OBJC_ARC = YES;
				CLANG_ENABLE_OBJC_WEAK = YES;
				CLANG_WARN_BLOCK_CAPTURE_AUTORELEASING = YES;
				CLANG_WARN_BOOL_CONVERSION = YES;
				CLANG_WARN_COMMA = YES;
				CLANG_WARN_CONSTANT_CONVERSION = YES;
				CLANG_WARN_DEPRECATED_OBJC_IMPLEMENTATIONS = YES;
				CLANG_WARN_DIRECT_OBJC_ISA_USAGE = YES_ERROR;
				CLANG_WARN_DOCUMENTATION_COMMENTS = YES;
				CLANG_WARN_EMPTY_BODY = YES;
				CLANG_WARN_ENUM_CONVERSION = YES;
				CLANG_WARN_INFINITE_RECURSION = YES;
				CLANG_WARN_INT_CONVERSION = YES;
				CLANG_WARN_NON_LITERAL_NULL_CONVERSION = YES;
				CLANG_WARN_OBJC_IMPLICIT_RETAIN_SELF = YES;
				CLANG_WARN_OBJC_LITERAL_CONVERSION = YES;
				CLANG_WARN_OBJC_ROOT_CLASS = YES_ERROR;
				CLANG_WARN_QUOTED_INCLUDE_IN_FRAMEWORK_HEADER = YES;
				CLANG_WARN_RANGE_LOOP_ANALYSIS = YES;
				CLANG_WARN_STRICT_PROTOTYPES = YES;
				CLANG_WARN_SUSPICIOUS_MOVE = YES;
				CLANG_WARN_UNGUARDED_AVAILABILITY = YES_AGGRESSIVE;
				CLANG_WARN_UNREACHABLE_CODE = YES;
				CLANG_WARN__DUPLICATE_METHOD_MATCH = YES;
				COPY_PHASE_STRIP = NO;
				DEBUG_INFORMATION_FORMAT = dwarf;
				ENABLE_STRICT_OBJC_MSGSEND = YES;
				ENABLE_TESTABILITY = YES;
				GCC_C_LANGUAGE_STANDARD = gnu11;
				GCC_DYNAMIC_NO_PIC = NO;
				GCC_NO_COMMON_BLOCKS = YES;
				GCC_OPTIMIZATION_LEVEL = 0;
				GCC_PREPROCESSOR_DEFINITIONS = (
					"$(inherited)",
					"DEBUG=1",
				);
				GCC_WARN_64_TO_32_BIT_CONVERSION = YES;
				GCC_WARN_ABOUT_RETURN_TYPE = YES_ERROR;
				GCC_WARN_UNDECLARED_SELECTOR = YES;
				GCC_WARN_UNINITIALIZED_AUTOS = YES_AGGRESSIVE;
				GCC_WARN_UNUSED_FUNCTION = YES;
				GCC_WARN_UNUSED_VARIABLE = YES;
				MACOSX_DEPLOYMENT_TARGET = 14.0;
				MTL_ENABLE_DEBUG_INFO = INCLUDE_SOURCE;
				MTL_FAST_MATH = YES;
				ONLY_ACTIVE_ARCH = YES;
				PRODUCT_NAME = "$(TARGET_NAME)";
				SDKROOT = macosx;
				SWIFT_ACTIVE_COMPILATION_CONDITIONS = DEBUG;
				SWIFT_OPTIMIZATION_LEVEL = "-Onone";
				SWIFT_VERSION = 5.0;
			};
			name = Debug;
		};
/* End XCBuildConfiguration section */

/* Begin XCConfigurationList section */
		18EBD4918261E6CD97072B71 /* Build configuration list for PBXProject "AgentBar" */ = {
			isa = XCConfigurationList;
			buildConfigurations = (
				8E00CC52364B574DAA8A82CB /* Debug */,
				16A9F4FBA5E23C4AFD5956F4 /* Release */,
			);
			defaultConfigurationIsVisible = 0;
			defaultConfigurationName = Debug;
		};
		9692FF39CC89F4D364F9F216 /* Build configuration list for PBXNativeTarget "AgentBar" */ = {
			isa = XCConfigurationList;
			buildConfigurations = (
				2A1497FDF44086920993F488 /* Debug */,
				76D5726975908D80B73656F8 /* Release */,
			);
			defaultConfigurationIsVisible = 0;
			defaultConfigurationName = Debug;
		};
/* End XCConfigurationList section */

/* Begin XCLocalSwiftPackageReference section */
		D23A99DFAE13D52BA82EB122 /* XCLocalSwiftPackageReference ".." */ = {
			isa = XCLocalSwiftPackageReference;
			relativePath = ..;
		};
/* End XCLocalSwiftPackageReference section */

/* Begin XCSwiftPackageProductDependency section */
		BB4DDD2A93C84CF6E0626C5A /* AgentKit */ = {
			isa = XCSwiftPackageProductDependency;
			productName = AgentKit;
		};
/* End XCSwiftPackageProductDependency section */
	};
	rootObject = 7DEF5EC07622C6C227596D89 /* Project object */;
}
